
Microsoft Visual Studio Solution File, Format Version 12.00
# Visual Studio 15
VisualStudioVersion = 15.0.28307.1778
MinimumVisualStudioVersion = 10.0.40219.1
Project("{FAE04EC0-301F-11D3-BF4B-00C04F79EFBC}") = "library-zig-project", "library-zig-project\library-zig-project.csproj", "{A57B5A13-2886-418B-AB3D-55EFB60AEFC0}"
EndProject
Project("{FAE04EC0-301F-11D3-BF4B-00C04F79EFBC}") = "library-zig-project.UnitTests", "library-zig-project.UnitTests\library-zig-project.UnitTests.csproj", "{8B5F30D3-A12A-41E9-8197-3A61EE71547D}"
EndProject
Global
	GlobalSection(SolutionConfigurationPlatforms) = preSolution
		Debug|Any CPU = Debug|Any CPU
		Release|Any CPU = Release|Any CPU
	EndGlobalSection
	GlobalSection(ProjectConfigurationPlatforms) = postSolution
		{A57B5A13-2886-418B-AB3D-55EFB60AEFC0}.Debug|Any CPU.ActiveCfg = Debug|Any CPU
		{A57B5A13-2886-418B-AB3D-55EFB60AEFC0}.Debug|Any CPU.Build.0 = Debug|Any CPU
		{A57B5A13-2886-418B-AB3D-55EFB60AEFC0}.Release|Any CPU.ActiveCfg = Release|Any CPU
		{A57B5A13-2886-418B-AB3D-55EFB60AEFC0}.Release|Any CPU.Build.0 = Release|Any CPU
		{8B5F30D3-A12A-41E9-8197-3A61EE71547D}.Debug|Any CPU.ActiveCfg = Debug|Any CPU
		{8B5F30D3-A12A-41E9-8197-3A61EE71547D}.Debug|Any CPU.Build.0 = Debug|Any CPU
		{8B5F30D3-A12A-41E9-8197-3A61EE71547D}.Release|Any CPU.ActiveCfg = Release|Any CPU
		{8B5F30D3-A12A-41E9-8197-3A61EE71547D}.Release|Any CPU.Build.0 = Release|Any CPU
	EndGlobalSection
	GlobalSection(SolutionProperties) = preSolution
		HideSolutionNode = FALSE
	EndGlobalSection
	GlobalSection(ExtensibilityGlobals) = postSolution
		SolutionGuid = {611FB095-0C99-45B9-8679-9E88AF70242C}
	EndGlobalSection
EndGlobal
